// !$*UTF8*$!
{
	archiveVersion = 1;
	classes = {
	};
	objectVersion = 46;
	objects = {

/* Begin PBXBuildFile section */
		1090A7171EA3FFA4007EC858 /* main.cpp in Sources */ = {isa = PBXBuildFile; fileRef = 1090A7161EA3FFA4007EC858 /* main.cpp */; };
		1090A71E1EA4025D007EC858 /* test.txt in CopyFiles */ = {isa = PBXBuildFile; fileRef = 1090A71D1EA401E4007EC858 /* test.txt */; };
/* End PBXBuildFile section */

/* Begin PBXCopyFilesBuildPhase section */
		1090A7111EA3FFA3007EC858 /* CopyFiles */ = {
			isa = PBXCopyFilesBuildPhase;
			buildActionMask = 12;
			dstPath = "";
			dstSubfolderSpec = 16;
			files = (
				1090A71E1EA4025D007EC858 /* test.txt in CopyFiles */,
			);
			runOnlyForDeploymentPostprocessing = 0;
		};
/* End PBXCopyFilesBuildPhase section */

/* Begin PBXFileReference section */
		1090A7131EA3FFA4007EC858 /* TradutoresGA */ = {isa = PBXFileReference; explicitFileType = "compiled.mach-o.executable"; includeInIndex = 0; path = TradutoresGA; sourceTree = BUILT_PRODUCTS_DIR; };
		1090A7161EA3FFA4007EC858 /* main.cpp */ = {isa = PBXFileReference; lastKnownFileType = sourcecode.cpp.cpp; path = main.cpp; sourceTree = "<group>"; };
		1090A71D1EA401E4007EC858 /* test.txt */ = {isa = PBXFileReference; fileEncoding = 4; lastKnownFileType = text; path = test.txt; sourceTree = "<group>"; };
/* End PBXFileReference section */

/* Begin PBXFrameworksBuildPhase section */
		1090A7101EA3FFA3007EC858 /* Frameworks */ = {
			isa = PBXFrameworksBuildPhase;
			buildActionMask = 2147483647;
			files = (
			);
			runOnlyForDeploymentPostprocessing = 0;
		};
/* End PBXFrameworksBuildPhase section */

/* Begin PBXGroup section */
		1090A70A1EA3FFA3007EC858 = {
			isa = PBXGroup;
			children = (
				1090A7151EA3FFA4007EC858 /* TradutoresGA */,
				1090A7141EA3FFA4007EC858 /* Products */,
			);
			sourceTree = "<group>";
		};
		1090A7141EA3FFA4007EC858 /* Products */ = {
			isa = PBXGroup;
			children = (
				1090A7131EA3FFA4007EC858 /* TradutoresGA */,
			);
			name = Products;
			sourceTree = "<group>";
		};
		1090A7151EA3FFA4007EC858 /* TradutoresGA */ = {
			isa = PBXGroup;
			children = (
				1090A7161EA3FFA4007EC858 /* main.cpp */,
				1090A71D1EA401E4007EC858 /* test.txt */,
			);
			path = TradutoresGA;
			sourceTree = "<group>";
		};
/* End PBXGroup section */

/* Begin PBXNativeTarget section */
		1090A7121EA3FFA3007EC858 /* TradutoresGA */ = {
			isa = PBXNativeTarget;
			buildConfigurationList = 1090A71A1EA3FFA4007EC858 /* Build configuration list for PBXNativeTarget "TradutoresGA" */;
			buildPhases = (
				1090A70F1EA3FFA3007EC858 /* Sources */,
				1090A7101EA3FFA3007EC858 /* Frameworks */,
				1090A7111EA3FFA3007EC858 /* CopyFiles */,
			);
			buildRules = (
			);
			dependencies = (
			);
			name = TradutoresGA;
			productName = TradutoresGA;
			productReference = 1090A7131EA3FFA4007EC858 /* TradutoresGA */;
			productType = "com.apple.product-type.tool";
		};
/* End PBXNativeTarget section */

/* Begin PBXProject section */
		1090A70B1EA3FFA3007EC858 /* Project object */ = {
			isa = PBXProject;
			attributes = {
				LastUpgradeCheck = 0810;
				ORGANIZATIONNAME = "Eduardo Eidelwein Berlitz";
				TargetAttributes = {
					1090A7121EA3FFA3007EC858 = {
						CreatedOnToolsVersion = 8.1;
						ProvisioningStyle = Automatic;
					};
				};
			};
			buildConfigurationList = 1090A70E1EA3FFA3007EC858 /* Build configuration list for PBXProject "TradutoresGA" */;
			compatibilityVersion = "Xcode 3.2";
			developmentRegion = English;
			hasScannedForEncodings = 0;
			knownRegions = (
				en,
			);
			mainGroup = 1090A70A1EA3FFA3007EC858;
			productRefGroup = 1090A7141EA3FFA4007EC858 /* Products */;
			projectDirPath = "";
			projectRoot = "";
			targets = (
				1090A7121EA3FFA3007EC858 /* TradutoresGA */,
			);
		};
/* End PBXProject section */

/* Begin PBXSourcesBuildPhase section */
		1090A70F1EA3FFA3007EC858 /* Sources */ = {
			isa = PBXSourcesBuildPhase;
			buildActionMask = 2147483647;
			files = (
				1090A7171EA3FFA4007EC858 /* main.cpp in Sources */,
			);
			runOnlyForDeploymentPostprocessing = 0;
		};
/* End PBXSourcesBuildPhase section */

/* Begin XCBuildConfiguration section */
		1090A7181EA3FFA4007EC858 /* Debug */ = {
			isa = XCBuildConfiguration;
			buildSettings = {
				ALWAYS_SEARCH_USER_PATHS = NO;
				CLANG_ANALYZER_NONNULL = YES;
				CLANG_CXX_LANGUAGE_STANDARD = "gnu++0x";
				CLANG_CXX_LIBRARY = "libc++";
				CLANG_ENABLE_MODULES = YES;
				CLANG_ENABLE_OBJC_ARC = YES;
				CLANG_WARN_BOOL_CONVERSION = YES;
				CLANG_WARN_CONSTANT_CONVERSION = YES;
				CLANG_WARN_DIRECT_OBJC_ISA_USAGE = YES_ERROR;
				CLANG_WARN_DOCUMENTATION_COMMENTS = YES;
				CLANG_WARN_EMPTY_BODY = YES;
				CLANG_WARN_ENUM_CONVERSION = YES;
				CLANG_WARN_INFINITE_RECURSION = YES;
				CLANG_WARN_INT_CONVERSION = YES;
				CLANG_WARN_OBJC_ROOT_CLASS = YES_ERROR;
				CLANG_WARN_SUSPICIOUS_MOVES = YES;
				CLANG_WARN_UNREACHABLE_CODE = YES;
				CLANG_WARN__DUPLICATE_METHOD_MATCH = YES;
				CODE_SIGN_IDENTITY = "-";
				COPY_PHASE_STRIP = NO;
				DEBUG_INFORMATION_FORMAT = dwarf;
				ENABLE_STRICT_OBJC_MSGSEND = YES;
				ENABLE_TESTABILITY = YES;
				GCC_C_LANGUAGE_STANDARD = gnu99;
				GCC_DYNAMIC_NO_PIC = NO;
				GCC_NO_COMMON_BLOCKS = YES;
				GCC_OPTIMIZATION_LEVEL = 0;
				GCC_PREPROCESSOR_DEFINITIONS = (
					"DEBUG=1",
					"$(inherited)",
				);
				GCC_WARN_64_TO_32_BIT_CONVERSION = YES;
				GCC_WARN_ABOUT_RETURN_TYPE = YES_ERROR;
				GCC_WARN_UNDECLARED_SELECTOR = YES;
				GCC_WARN_UNINITIALIZED_AUTOS = YES_AGGRESSIVE;
				GCC_WARN_UNUSED_FUNCTION = YES;
				GCC_WARN_UNUSED_VARIABLE = YES;
				MACOSX_DEPLOYMENT_TARGET = 10.12;
				MTL_ENABLE_DEBUG_INFO = YES;
				ONLY_ACTIVE_ARCH = YES;
				SDKROOT = macosx;
			};
			name = Debug;
		};
		1090A7191EA3FFA4007EC858 /* Release */ = {
			isa = XCBuildConfiguration;
			buildSettings = {
				ALWAYS_SEARCH_USER_PATHS = NO;
				CLANG_ANALYZER_NONNULL = YES;
				CLANG_CXX_LANGUAGE_STANDARD = "gnu++0x";
				CLANG_CXX_LIBRARY = "libc++";
				CLANG_ENABLE_MODULES = YES;
				CLANG_ENABLE_OBJC_ARC = YES;
				CLANG_WARN_BOOL_CONVERSION = YES;
				CLANG_WARN_CONSTANT_CONVERSION = YES;
				CLANG_WARN_DIRECT_OBJC_ISA_USAGE = YES_ERROR;
				CLANG_WARN_DOCUMENTATION_COMMENTS = YES;
				CLANG_WARN_EMPTY_BODY = YES;
				CLANG_WARN_ENUM_CONVERSION = YES;
				CLANG_WARN_INFINITE_RECURSION = YES;
				CLANG_WARN_INT_CONVERSION = YES;
				CLANG_WARN_OBJC_ROOT_CLASS = YES_ERROR;
				CLANG_WARN_SUSPICIOUS_MOVES = YES;
				CLANG_WARN_UNREACHABLE_CODE = YES;
				CLANG_WARN__DUPLICATE_METHOD_MATCH = YES;
				CODE_SIGN_IDENTITY = "-";
				COPY_PHASE_STRIP = NO;
				DEBUG_INFORMATION_FORMAT = "dwarf-with-dsym";
				ENABLE_NS_ASSERTIONS = NO;
				ENABLE_STRICT_OBJC_MSGSEND = YES;
				GCC_C_LANGUAGE_STANDARD = gnu99;
				GCC_NO_COMMON_BLOCKS = YES;
				GCC_WARN_64_TO_32_BIT_CONVERSION = YES;
				GCC_WARN_ABOUT_RETURN_TYPE = YES_ERROR;
				GCC_WARN_UNDECLARED_SELECTOR = YES;
				GCC_WARN_UNINITIALIZED_AUTOS = YES_AGGRESSIVE;
				GCC_WARN_UNUSED_FUNCTION = YES;
				GCC_WARN_UNUSED_VARIABLE = YES;
				MACOSX_DEPLOYMENT_TARGET = 10.12;
				MTL_ENABLE_DEBUG_INFO = NO;
				SDKROOT = macosx;
			};
			name = Release;
		};
		1090A71B1EA3FFA4007EC858 /* Debug */ = {
			isa = XCBuildConfiguration;
			buildSettings = {
				PRODUCT_NAME = "$(TARGET_NAME)";
			};
			name = Debug;
		};
		1090A71C1EA3FFA4007EC858 /* Release */ = {
			isa = XCBuildConfiguration;
			buildSettings = {
				PRODUCT_NAME = "$(TARGET_NAME)";
			};
			name = Release;
		};
/* End XCBuildConfiguration section */

/* Begin XCConfigurationList section */
		1090A70E1EA3FFA3007EC858 /* Build configuration list for PBXProject "TradutoresGA" */ = {
			isa = XCConfigurationList;
			buildConfigurations = (
				1090A7181EA3FFA4007EC858 /* Debug */,
				1090A7191EA3FFA4007EC858 /* Release */,
			);
			defaultConfigurationIsVisible = 0;
			defaultConfigurationName = Release;
		};
		1090A71A1EA3FFA4007EC858 /* Build configuration list for PBXNativeTarget "TradutoresGA" */ = {
			isa = XCConfigurationList;
			buildConfigurations = (
				1090A71B1EA3FFA4007EC858 /* Debug */,
				1090A71C1EA3FFA4007EC858 /* Release */,
			);
			defaultConfigurationIsVisible = 0;
		};
/* End XCConfigurationList section */
	};
	rootObject = 1090A70B1EA3FFA3007EC858 /* Project object */;
}
